name: Ruby CI

on: [push, pull_request]

jobs:

  build:

    runs-on: ubuntu-latest

    steps:

    - uses: actions/checkout@v2

    - name: Set up Ruby

      uses: ruby/setup-ruby@v1

      with:

        ruby-version: 2.7.4

    - name: Install Bundler

      run: |

        gem install bundler -v 2.2.29

        bundle install --jobs 4 --retry 3

    - name: Run tests

      run: |

        bundle exec rspec



  







   

 
